
Microsoft Visual Studio Solution File, Format Version 12.00
# Visual Studio Version 16
VisualStudioVersion = 16.0.31424.327
MinimumVisualStudioVersion = 10.0.40219.1
Project("{FAE04EC0-301F-11D3-BF4B-00C04F79EFBC}") = "Prueba005", "Prueba005\Prueba005.csproj", "{A39AD7CD-95A2-4FA0-B0EC-A94295BD569D}"
EndProject
Global
	GlobalSection(SolutionConfigurationPlatforms) = preSolution
		Debug|Any CPU = Debug|Any CPU
		Release|Any CPU = Release|Any CPU
	EndGlobalSection
	GlobalSection(ProjectConfigurationPlatforms) = postSolution
		{A39AD7CD-95A2-4FA0-B0EC-A94295BD569D}.Debug|Any CPU.ActiveCfg = Debug|Any CPU
		{A39AD7CD-95A2-4FA0-B0EC-A94295BD569D}.Debug|Any CPU.Build.0 = Debug|Any CPU
		{A39AD7CD-95A2-4FA0-B0EC-A94295BD569D}.Release|Any CPU.ActiveCfg = Release|Any CPU
		{A39AD7CD-95A2-4FA0-B0EC-A94295BD569D}.Release|Any CPU.Build.0 = Release|Any CPU
	EndGlobalSection
	GlobalSection(SolutionProperties) = preSolution
		HideSolutionNode = FALSE
	EndGlobalSection
	GlobalSection(ExtensibilityGlobals) = postSolution
		SolutionGuid = {6BFDB043-21DD-4C70-B0BF-8BED98836D6F}
	EndGlobalSection
EndGlobal
